# This file is automatically @generated by Cargo.
# It is not intended for manual editing.
version = 4

[[package]]
name = "ecs-reference"
version = "0.1.0"
dependencies = [
 "ecs-workload",
]

[[package]]
name = "ecs-runner"
version = "0.1.0"
dependencies = [
 "ecs-reference",
 "ecs-workload",
]

[[package]]
name = "ecs-workload"
version = "0.1.0"
